
Microsoft Visual Studio Solution File, Format Version 12.00
# Visual Studio 15
VisualStudioVersion = 15.0.27004.2002
MinimumVisualStudioVersion = 10.0.40219.1
Project("{FAE04EC0-301F-11D3-BF4B-00C04F79EFBC}") = "Задание1", "Задание1\Задание1.csproj", "{91D7C1F1-62EB-4040-954B-9653F6D79A7F}"
EndProject
Project("{FAE04EC0-301F-11D3-BF4B-00C04F79EFBC}") = "Задание2", "Задание2\Задание2.csproj", "{7236CCCC-C060-40FF-95D8-E8173A80603F}"
EndProject
Project("{FAE04EC0-301F-11D3-BF4B-00C04F79EFBC}") = "Задача3", "Задача3\Задача3.csproj", "{8CA03575-14AF-433B-8C77-2C86A210470C}"
EndProject
Project("{FAE04EC0-301F-11D3-BF4B-00C04F79EFBC}") = "Задача4", "Задание4\Задача4.csproj", "{AAA9F11E-F52D-4FC3-A894-148AA58E0CD2}"
EndProject
Project("{FAE04EC0-301F-11D3-BF4B-00C04F79EFBC}") = "Задача5", "Задача5\Задача5.csproj", "{7FA4FB7E-86D5-4F71-AD14-16150647F1D1}"
EndProject
Project("{FAE04EC0-301F-11D3-BF4B-00C04F79EFBC}") = "Задача6", "Задача6\Задача6.csproj", "{6F744401-92BD-485D-B042-8931E750ED61}"
EndProject
Project("{FAE04EC0-301F-11D3-BF4B-00C04F79EFBC}") = "Задача7", "Задача7\Задача7.csproj", "{4A6ECE77-42EB-4F9E-AEE3-A312F8C9F282}"
EndProject
Project("{FAE04EC0-301F-11D3-BF4B-00C04F79EFBC}") = "Задача8", "Задача8\Задача8.csproj", "{4777BFC8-B9C7-440E-9726-77771428BB64}"
EndProject
Project("{FAE04EC0-301F-11D3-BF4B-00C04F79EFBC}") = "Задача9", "Задача9\Задача9.csproj", "{97F24071-7DBD-435E-B669-45174DE193FB}"
EndProject
Project("{FAE04EC0-301F-11D3-BF4B-00C04F79EFBC}") = "Задача10", "Задача10\Задача10.csproj", "{59D41925-4616-48B8-949B-B2AEE701DD7A}"
EndProject
Project("{FAE04EC0-301F-11D3-BF4B-00C04F79EFBC}") = "Задача11", "Задача11\Задача11.csproj", "{8020CF6A-EA1E-40A1-AB3E-330DD8A22A2C}"
EndProject
Project("{FAE04EC0-301F-11D3-BF4B-00C04F79EFBC}") = "Задача12", "Задача12\Задача12.csproj", "{AC1C55D5-49F2-41DC-B6A6-35793C8FD8CD}"
EndProject
Project("{FAE04EC0-301F-11D3-BF4B-00C04F79EFBC}") = "Задача13", "Задача13\Задача13.csproj", "{606316F8-1971-4401-A73D-79952401C017}"
EndProject
Project("{FAE04EC0-301F-11D3-BF4B-00C04F79EFBC}") = "Задача14", "Задача14\Задача14.csproj", "{6A70D95F-2F23-4DC9-B462-E20CFDA52FFE}"
EndProject
Project("{FAE04EC0-301F-11D3-BF4B-00C04F79EFBC}") = "Задача15", "Задача15\Задача15.csproj", "{DFACC019-8911-4DAA-8484-CAC0DEB53A90}"
EndProject
Project("{FAE04EC0-301F-11D3-BF4B-00C04F79EFBC}") = "Задача16", "Задача16\Задача16.csproj", "{E426AECA-9DD4-4DE9-983B-42E3C33693DB}"
EndProject
Project("{FAE04EC0-301F-11D3-BF4B-00C04F79EFBC}") = "Задача17", "Задача17\Задача17.csproj", "{8847B0F7-6F00-4001-9472-05D37F1D1E6E}"
EndProject
Project("{FAE04EC0-301F-11D3-BF4B-00C04F79EFBC}") = "Задача18", "Задача18\Задача18.csproj", "{F6477C63-1856-4E5D-AA4C-326C3AAE6C55}"
EndProject
Project("{FAE04EC0-301F-11D3-BF4B-00C04F79EFBC}") = "Задача19", "Задача19\Задача19.csproj", "{E1E50550-BF65-4D38-819B-08A64319F709}"
EndProject
Project("{FAE04EC0-301F-11D3-BF4B-00C04F79EFBC}") = "Задача20", "Задача20\Задача20.csproj", "{23AB8515-14CE-4E36-81BD-EC699103C121}"
EndProject
Project("{FAE04EC0-301F-11D3-BF4B-00C04F79EFBC}") = "Задание21", "Задание21\Задание21.csproj", "{514BECF8-38C5-4936-B7A8-BF32745F11BC}"
EndProject
Global
	GlobalSection(SolutionConfigurationPlatforms) = preSolution
		Debug|Any CPU = Debug|Any CPU
		Release|Any CPU = Release|Any CPU
	EndGlobalSection
	GlobalSection(ProjectConfigurationPlatforms) = postSolution
		{91D7C1F1-62EB-4040-954B-9653F6D79A7F}.Debug|Any CPU.ActiveCfg = Debug|Any CPU
		{91D7C1F1-62EB-4040-954B-9653F6D79A7F}.Debug|Any CPU.Build.0 = Debug|Any CPU
		{91D7C1F1-62EB-4040-954B-9653F6D79A7F}.Release|Any CPU.ActiveCfg = Release|Any CPU
		{91D7C1F1-62EB-4040-954B-9653F6D79A7F}.Release|Any CPU.Build.0 = Release|Any CPU
		{7236CCCC-C060-40FF-95D8-E8173A80603F}.Debug|Any CPU.ActiveCfg = Debug|Any CPU
		{7236CCCC-C060-40FF-95D8-E8173A80603F}.Debug|Any CPU.Build.0 = Debug|Any CPU
		{7236CCCC-C060-40FF-95D8-E8173A80603F}.Release|Any CPU.ActiveCfg = Release|Any CPU
		{7236CCCC-C060-40FF-95D8-E8173A80603F}.Release|Any CPU.Build.0 = Release|Any CPU
		{8CA03575-14AF-433B-8C77-2C86A210470C}.Debug|Any CPU.ActiveCfg = Debug|Any CPU
		{8CA03575-14AF-433B-8C77-2C86A210470C}.Debug|Any CPU.Build.0 = Debug|Any CPU
		{8CA03575-14AF-433B-8C77-2C86A210470C}.Release|Any CPU.ActiveCfg = Release|Any CPU
		{8CA03575-14AF-433B-8C77-2C86A210470C}.Release|Any CPU.Build.0 = Release|Any CPU
		{AAA9F11E-F52D-4FC3-A894-148AA58E0CD2}.Debug|Any CPU.ActiveCfg = Debug|Any CPU
		{AAA9F11E-F52D-4FC3-A894-148AA58E0CD2}.Debug|Any CPU.Build.0 = Debug|Any CPU
		{AAA9F11E-F52D-4FC3-A894-148AA58E0CD2}.Release|Any CPU.ActiveCfg = Release|Any CPU
		{AAA9F11E-F52D-4FC3-A894-148AA58E0CD2}.Release|Any CPU.Build.0 = Release|Any CPU
		{7FA4FB7E-86D5-4F71-AD14-16150647F1D1}.Debug|Any CPU.ActiveCfg = Debug|Any CPU
		{7FA4FB7E-86D5-4F71-AD14-16150647F1D1}.Debug|Any CPU.Build.0 = Debug|Any CPU
		{7FA4FB7E-86D5-4F71-AD14-16150647F1D1}.Release|Any CPU.ActiveCfg = Release|Any CPU
		{7FA4FB7E-86D5-4F71-AD14-16150647F1D1}.Release|Any CPU.Build.0 = Release|Any CPU
		{6F744401-92BD-485D-B042-8931E750ED61}.Debug|Any CPU.ActiveCfg = Debug|Any CPU
		{6F744401-92BD-485D-B042-8931E750ED61}.Debug|Any CPU.Build.0 = Debug|Any CPU
		{6F744401-92BD-485D-B042-8931E750ED61}.Release|Any CPU.ActiveCfg = Release|Any CPU
		{6F744401-92BD-485D-B042-8931E750ED61}.Release|Any CPU.Build.0 = Release|Any CPU
		{4A6ECE77-42EB-4F9E-AEE3-A312F8C9F282}.Debug|Any CPU.ActiveCfg = Debug|Any CPU
		{4A6ECE77-42EB-4F9E-AEE3-A312F8C9F282}.Debug|Any CPU.Build.0 = Debug|Any CPU
		{4A6ECE77-42EB-4F9E-AEE3-A312F8C9F282}.Release|Any CPU.ActiveCfg = Release|Any CPU
		{4A6ECE77-42EB-4F9E-AEE3-A312F8C9F282}.Release|Any CPU.Build.0 = Release|Any CPU
		{4777BFC8-B9C7-440E-9726-77771428BB64}.Debug|Any CPU.ActiveCfg = Debug|Any CPU
		{4777BFC8-B9C7-440E-9726-77771428BB64}.Debug|Any CPU.Build.0 = Debug|Any CPU
		{4777BFC8-B9C7-440E-9726-77771428BB64}.Release|Any CPU.ActiveCfg = Release|Any CPU
		{4777BFC8-B9C7-440E-9726-77771428BB64}.Release|Any CPU.Build.0 = Release|Any CPU
		{97F24071-7DBD-435E-B669-45174DE193FB}.Debug|Any CPU.ActiveCfg = Debug|Any CPU
		{97F24071-7DBD-435E-B669-45174DE193FB}.Debug|Any CPU.Build.0 = Debug|Any CPU
		{97F24071-7DBD-435E-B669-45174DE193FB}.Release|Any CPU.ActiveCfg = Release|Any CPU
		{97F24071-7DBD-435E-B669-45174DE193FB}.Release|Any CPU.Build.0 = Release|Any CPU
		{59D41925-4616-48B8-949B-B2AEE701DD7A}.Debug|Any CPU.ActiveCfg = Debug|Any CPU
		{59D41925-4616-48B8-949B-B2AEE701DD7A}.Debug|Any CPU.Build.0 = Debug|Any CPU
		{59D41925-4616-48B8-949B-B2AEE701DD7A}.Release|Any CPU.ActiveCfg = Release|Any CPU
		{59D41925-4616-48B8-949B-B2AEE701DD7A}.Release|Any CPU.Build.0 = Release|Any CPU
		{8020CF6A-EA1E-40A1-AB3E-330DD8A22A2C}.Debug|Any CPU.ActiveCfg = Debug|Any CPU
		{8020CF6A-EA1E-40A1-AB3E-330DD8A22A2C}.Debug|Any CPU.Build.0 = Debug|Any CPU
		{8020CF6A-EA1E-40A1-AB3E-330DD8A22A2C}.Release|Any CPU.ActiveCfg = Release|Any CPU
		{8020CF6A-EA1E-40A1-AB3E-330DD8A22A2C}.Release|Any CPU.Build.0 = Release|Any CPU
		{AC1C55D5-49F2-41DC-B6A6-35793C8FD8CD}.Debug|Any CPU.ActiveCfg = Debug|Any CPU
		{AC1C55D5-49F2-41DC-B6A6-35793C8FD8CD}.Debug|Any CPU.Build.0 = Debug|Any CPU
		{AC1C55D5-49F2-41DC-B6A6-35793C8FD8CD}.Release|Any CPU.ActiveCfg = Release|Any CPU
		{AC1C55D5-49F2-41DC-B6A6-35793C8FD8CD}.Release|Any CPU.Build.0 = Release|Any CPU
		{606316F8-1971-4401-A73D-79952401C017}.Debug|Any CPU.ActiveCfg = Debug|Any CPU
		{606316F8-1971-4401-A73D-79952401C017}.Debug|Any CPU.Build.0 = Debug|Any CPU
		{606316F8-1971-4401-A73D-79952401C017}.Release|Any CPU.ActiveCfg = Release|Any CPU
		{606316F8-1971-4401-A73D-79952401C017}.Release|Any CPU.Build.0 = Release|Any CPU
		{6A70D95F-2F23-4DC9-B462-E20CFDA52FFE}.Debug|Any CPU.ActiveCfg = Debug|Any CPU
		{6A70D95F-2F23-4DC9-B462-E20CFDA52FFE}.Debug|Any CPU.Build.0 = Debug|Any CPU
		{6A70D95F-2F23-4DC9-B462-E20CFDA52FFE}.Release|Any CPU.ActiveCfg = Release|Any CPU
		{6A70D95F-2F23-4DC9-B462-E20CFDA52FFE}.Release|Any CPU.Build.0 = Release|Any CPU
		{DFACC019-8911-4DAA-8484-CAC0DEB53A90}.Debug|Any CPU.ActiveCfg = Debug|Any CPU
		{DFACC019-8911-4DAA-8484-CAC0DEB53A90}.Debug|Any CPU.Build.0 = Debug|Any CPU
		{DFACC019-8911-4DAA-8484-CAC0DEB53A90}.Release|Any CPU.ActiveCfg = Release|Any CPU
		{DFACC019-8911-4DAA-8484-CAC0DEB53A90}.Release|Any CPU.Build.0 = Release|Any CPU
		{E426AECA-9DD4-4DE9-983B-42E3C33693DB}.Debug|Any CPU.ActiveCfg = Debug|Any CPU
		{E426AECA-9DD4-4DE9-983B-42E3C33693DB}.Debug|Any CPU.Build.0 = Debug|Any CPU
		{E426AECA-9DD4-4DE9-983B-42E3C33693DB}.Release|Any CPU.ActiveCfg = Release|Any CPU
		{E426AECA-9DD4-4DE9-983B-42E3C33693DB}.Release|Any CPU.Build.0 = Release|Any CPU
		{8847B0F7-6F00-4001-9472-05D37F1D1E6E}.Debug|Any CPU.ActiveCfg = Debug|Any CPU
		{8847B0F7-6F00-4001-9472-05D37F1D1E6E}.Debug|Any CPU.Build.0 = Debug|Any CPU
		{8847B0F7-6F00-4001-9472-05D37F1D1E6E}.Release|Any CPU.ActiveCfg = Release|Any CPU
		{8847B0F7-6F00-4001-9472-05D37F1D1E6E}.Release|Any CPU.Build.0 = Release|Any CPU
		{F6477C63-1856-4E5D-AA4C-326C3AAE6C55}.Debug|Any CPU.ActiveCfg = Debug|Any CPU
		{F6477C63-1856-4E5D-AA4C-326C3AAE6C55}.Debug|Any CPU.Build.0 = Debug|Any CPU
		{F6477C63-1856-4E5D-AA4C-326C3AAE6C55}.Release|Any CPU.ActiveCfg = Release|Any CPU
		{F6477C63-1856-4E5D-AA4C-326C3AAE6C55}.Release|Any CPU.Build.0 = Release|Any CPU
		{E1E50550-BF65-4D38-819B-08A64319F709}.Debug|Any CPU.ActiveCfg = Debug|Any CPU
		{E1E50550-BF65-4D38-819B-08A64319F709}.Debug|Any CPU.Build.0 = Debug|Any CPU
		{E1E50550-BF65-4D38-819B-08A64319F709}.Release|Any CPU.ActiveCfg = Release|Any CPU
		{E1E50550-BF65-4D38-819B-08A64319F709}.Release|Any CPU.Build.0 = Release|Any CPU
		{23AB8515-14CE-4E36-81BD-EC699103C121}.Debug|Any CPU.ActiveCfg = Debug|Any CPU
		{23AB8515-14CE-4E36-81BD-EC699103C121}.Debug|Any CPU.Build.0 = Debug|Any CPU
		{23AB8515-14CE-4E36-81BD-EC699103C121}.Release|Any CPU.ActiveCfg = Release|Any CPU
		{23AB8515-14CE-4E36-81BD-EC699103C121}.Release|Any CPU.Build.0 = Release|Any CPU
		{514BECF8-38C5-4936-B7A8-BF32745F11BC}.Debug|Any CPU.ActiveCfg = Debug|Any CPU
		{514BECF8-38C5-4936-B7A8-BF32745F11BC}.Debug|Any CPU.Build.0 = Debug|Any CPU
		{514BECF8-38C5-4936-B7A8-BF32745F11BC}.Release|Any CPU.ActiveCfg = Release|Any CPU
		{514BECF8-38C5-4936-B7A8-BF32745F11BC}.Release|Any CPU.Build.0 = Release|Any CPU
	EndGlobalSection
	GlobalSection(SolutionProperties) = preSolution
		HideSolutionNode = FALSE
	EndGlobalSection
	GlobalSection(ExtensibilityGlobals) = postSolution
		SolutionGuid = {8078EB9D-FC9E-4C5B-9F0F-AD4886727CB5}
	EndGlobalSection
EndGlobal
