
Microsoft Visual Studio Solution File, Format Version 12.00
# Visual Studio 15
VisualStudioVersion = 15.0.27004.2002
MinimumVisualStudioVersion = 10.0.40219.1
Project("{FAE04EC0-301F-11D3-BF4B-00C04F79EFBC}") = "задача01", "ConsoleApp1\задача01.csproj", "{1DB0BDC2-3B70-4D12-B3D7-51688D909040}"
EndProject
Project("{FAE04EC0-301F-11D3-BF4B-00C04F79EFBC}") = "задача02", "задача02\задача02.csproj", "{2E67A05C-E301-4EE6-B7D6-D5D5F28F1F51}"
EndProject
Project("{FAE04EC0-301F-11D3-BF4B-00C04F79EFBC}") = "задача03", "задача03\задача03.csproj", "{34291372-0DCC-4B42-98AB-B01354014C43}"
EndProject
Project("{FAE04EC0-301F-11D3-BF4B-00C04F79EFBC}") = "задача04", "задача04\задача04.csproj", "{0D198ACA-368D-48DC-A040-D0E5587218B5}"
EndProject
Project("{FAE04EC0-301F-11D3-BF4B-00C04F79EFBC}") = "задача05", "задача05\задача05.csproj", "{5CB34CCD-0DDF-40C7-BD24-B58370942D4E}"
EndProject
Project("{FAE04EC0-301F-11D3-BF4B-00C04F79EFBC}") = "Задача06", "Задача06\Задача06.csproj", "{216CDD92-1D62-4B84-ACA9-587E126B7A86}"
EndProject
Project("{FAE04EC0-301F-11D3-BF4B-00C04F79EFBC}") = "задача07", "задача07\задача07.csproj", "{8E35B3FB-436E-4D72-B0B2-357B28088FDC}"
EndProject
Project("{FAE04EC0-301F-11D3-BF4B-00C04F79EFBC}") = "задача08", "задача08\задача08.csproj", "{639B89F4-04EE-4FBC-9E73-86DBDCD23138}"
EndProject
Project("{FAE04EC0-301F-11D3-BF4B-00C04F79EFBC}") = "задача09", "задача09\задача09.csproj", "{AB23B133-6F6A-4134-9F6A-7563E2202FDB}"
EndProject
Project("{FAE04EC0-301F-11D3-BF4B-00C04F79EFBC}") = "задача10", "задача10\задача10.csproj", "{B95E9048-51BC-4E18-BED4-A90F7DE80CEB}"
EndProject
Project("{FAE04EC0-301F-11D3-BF4B-00C04F79EFBC}") = "задача11", "задача11\задача11.csproj", "{3DC46219-1BA5-41BB-8D81-FC6954588459}"
EndProject
Project("{FAE04EC0-301F-11D3-BF4B-00C04F79EFBC}") = "задача12", "задача12\задача12.csproj", "{AC3AD624-1ECD-48E3-AC3E-E7C4EB3DC1E4}"
EndProject
Project("{FAE04EC0-301F-11D3-BF4B-00C04F79EFBC}") = "задача13", "задача13\задача13.csproj", "{3CC7E9AD-CFB1-4DC9-97B4-F17C4325FDF7}"
EndProject
Project("{FAE04EC0-301F-11D3-BF4B-00C04F79EFBC}") = "задача14", "задача14\задача14.csproj", "{EBD970D0-3772-428B-90DD-EF00589C296B}"
EndProject
Project("{FAE04EC0-301F-11D3-BF4B-00C04F79EFBC}") = "задача15", "задача15\задача15.csproj", "{8C19317E-7199-4CC2-BFF0-0FA6310433F3}"
EndProject
Project("{FAE04EC0-301F-11D3-BF4B-00C04F79EFBC}") = "задача16", "задача16\задача16.csproj", "{D04824A5-30CA-4931-A21D-16EA4654A0EC}"
EndProject
Project("{FAE04EC0-301F-11D3-BF4B-00C04F79EFBC}") = "задача17", "задача17\задача17.csproj", "{065D70E1-DB2E-4F42-8823-12EF558862B2}"
EndProject
Project("{FAE04EC0-301F-11D3-BF4B-00C04F79EFBC}") = "задача18", "задача18\задача18.csproj", "{0A4C29CC-6752-4881-BF92-693EB91E7848}"
EndProject
Project("{FAE04EC0-301F-11D3-BF4B-00C04F79EFBC}") = "задача19", "задача19\задача19.csproj", "{D0F7135B-4688-4E78-85B4-CC4A196FD407}"
EndProject
Project("{FAE04EC0-301F-11D3-BF4B-00C04F79EFBC}") = "задача20", "задача20\задача20.csproj", "{A3335323-5987-4DE3-BCB3-D46A79484066}"
EndProject
Project("{FAE04EC0-301F-11D3-BF4B-00C04F79EFBC}") = "задача21", "задача21\задача21.csproj", "{E6207B64-196C-486D-8DCA-45FE16264DE8}"
EndProject
Project("{FAE04EC0-301F-11D3-BF4B-00C04F79EFBC}") = "задача22", "задача22\задача22.csproj", "{CE9EDCE6-C454-4160-88DC-7F1EB7C3B8B4}"
EndProject
Project("{FAE04EC0-301F-11D3-BF4B-00C04F79EFBC}") = "задача23", "задача23\задача23.csproj", "{62C0AB62-8617-43C7-AC11-D451D0EDC129}"
EndProject
Project("{FAE04EC0-301F-11D3-BF4B-00C04F79EFBC}") = "задача24", "задача24\задача24.csproj", "{8EAAD574-3ADC-4559-8F8E-152A598203CA}"
EndProject
Project("{FAE04EC0-301F-11D3-BF4B-00C04F79EFBC}") = "задача25", "задача25\задача25.csproj", "{DDB9507F-CDFD-4B4F-A1CC-E16DB4E0074F}"
EndProject
Project("{FAE04EC0-301F-11D3-BF4B-00C04F79EFBC}") = "задача26", "задача26\задача26.csproj", "{86C1AFF9-4E9D-4E95-A20A-53984C009E2B}"
EndProject
Project("{FAE04EC0-301F-11D3-BF4B-00C04F79EFBC}") = "задача27", "задача27\задача27.csproj", "{2939B6A6-668B-48D8-AF11-802BDA68202C}"
EndProject
Project("{FAE04EC0-301F-11D3-BF4B-00C04F79EFBC}") = "задача28", "задача28\задача28.csproj", "{4246BF43-E1CC-4B24-8506-7658910C73F9}"
EndProject
Project("{FAE04EC0-301F-11D3-BF4B-00C04F79EFBC}") = "задача29", "задача29\задача29.csproj", "{4CA9A28B-25EC-407C-ADE3-41181609799F}"
EndProject
Project("{FAE04EC0-301F-11D3-BF4B-00C04F79EFBC}") = "задача30", "задача30\задача30.csproj", "{0AE1DD90-ABD1-4C47-89C9-EB0A2A1C1044}"
EndProject
Project("{FAE04EC0-301F-11D3-BF4B-00C04F79EFBC}") = "задача31", "задача31\задача31.csproj", "{3BF126CF-9361-4E98-994F-6B78578E33F0}"
EndProject
Project("{FAE04EC0-301F-11D3-BF4B-00C04F79EFBC}") = "задача32", "задача32\задача32.csproj", "{E52FDD01-1A01-4C98-B042-C692A69C5D67}"
EndProject
Project("{FAE04EC0-301F-11D3-BF4B-00C04F79EFBC}") = "задача33", "задача33\задача33.csproj", "{07EA8C8E-1E0F-4322-9EBB-5B1237FFF667}"
EndProject
Project("{FAE04EC0-301F-11D3-BF4B-00C04F79EFBC}") = "задача34", "задача34\задача34.csproj", "{7C55BFAA-BE4F-43FD-BD65-9E9373C1234B}"
EndProject
Project("{FAE04EC0-301F-11D3-BF4B-00C04F79EFBC}") = "задача35", "задача35\задача35.csproj", "{CAFB11C6-0C47-4FD2-A6AB-AE966934AE02}"
EndProject
Project("{FAE04EC0-301F-11D3-BF4B-00C04F79EFBC}") = "задача36", "задача36\задача36.csproj", "{41CB45AC-94C6-4132-AB48-8E06083E72B8}"
EndProject
Project("{FAE04EC0-301F-11D3-BF4B-00C04F79EFBC}") = "задача37", "задача37\задача37.csproj", "{51C97058-58AF-433E-847C-37EA26B50D54}"
EndProject
Global
	GlobalSection(SolutionConfigurationPlatforms) = preSolution
		Debug|Any CPU = Debug|Any CPU
		Release|Any CPU = Release|Any CPU
	EndGlobalSection
	GlobalSection(ProjectConfigurationPlatforms) = postSolution
		{1DB0BDC2-3B70-4D12-B3D7-51688D909040}.Debug|Any CPU.ActiveCfg = Debug|Any CPU
		{1DB0BDC2-3B70-4D12-B3D7-51688D909040}.Debug|Any CPU.Build.0 = Debug|Any CPU
		{1DB0BDC2-3B70-4D12-B3D7-51688D909040}.Release|Any CPU.ActiveCfg = Release|Any CPU
		{1DB0BDC2-3B70-4D12-B3D7-51688D909040}.Release|Any CPU.Build.0 = Release|Any CPU
		{2E67A05C-E301-4EE6-B7D6-D5D5F28F1F51}.Debug|Any CPU.ActiveCfg = Debug|Any CPU
		{2E67A05C-E301-4EE6-B7D6-D5D5F28F1F51}.Debug|Any CPU.Build.0 = Debug|Any CPU
		{2E67A05C-E301-4EE6-B7D6-D5D5F28F1F51}.Release|Any CPU.ActiveCfg = Release|Any CPU
		{2E67A05C-E301-4EE6-B7D6-D5D5F28F1F51}.Release|Any CPU.Build.0 = Release|Any CPU
		{34291372-0DCC-4B42-98AB-B01354014C43}.Debug|Any CPU.ActiveCfg = Debug|Any CPU
		{34291372-0DCC-4B42-98AB-B01354014C43}.Debug|Any CPU.Build.0 = Debug|Any CPU
		{34291372-0DCC-4B42-98AB-B01354014C43}.Release|Any CPU.ActiveCfg = Release|Any CPU
		{34291372-0DCC-4B42-98AB-B01354014C43}.Release|Any CPU.Build.0 = Release|Any CPU
		{0D198ACA-368D-48DC-A040-D0E5587218B5}.Debug|Any CPU.ActiveCfg = Debug|Any CPU
		{0D198ACA-368D-48DC-A040-D0E5587218B5}.Debug|Any CPU.Build.0 = Debug|Any CPU
		{0D198ACA-368D-48DC-A040-D0E5587218B5}.Release|Any CPU.ActiveCfg = Release|Any CPU
		{0D198ACA-368D-48DC-A040-D0E5587218B5}.Release|Any CPU.Build.0 = Release|Any CPU
		{5CB34CCD-0DDF-40C7-BD24-B58370942D4E}.Debug|Any CPU.ActiveCfg = Debug|Any CPU
		{5CB34CCD-0DDF-40C7-BD24-B58370942D4E}.Debug|Any CPU.Build.0 = Debug|Any CPU
		{5CB34CCD-0DDF-40C7-BD24-B58370942D4E}.Release|Any CPU.ActiveCfg = Release|Any CPU
		{5CB34CCD-0DDF-40C7-BD24-B58370942D4E}.Release|Any CPU.Build.0 = Release|Any CPU
		{216CDD92-1D62-4B84-ACA9-587E126B7A86}.Debug|Any CPU.ActiveCfg = Debug|Any CPU
		{216CDD92-1D62-4B84-ACA9-587E126B7A86}.Debug|Any CPU.Build.0 = Debug|Any CPU
		{216CDD92-1D62-4B84-ACA9-587E126B7A86}.Release|Any CPU.ActiveCfg = Release|Any CPU
		{216CDD92-1D62-4B84-ACA9-587E126B7A86}.Release|Any CPU.Build.0 = Release|Any CPU
		{8E35B3FB-436E-4D72-B0B2-357B28088FDC}.Debug|Any CPU.ActiveCfg = Debug|Any CPU
		{8E35B3FB-436E-4D72-B0B2-357B28088FDC}.Debug|Any CPU.Build.0 = Debug|Any CPU
		{8E35B3FB-436E-4D72-B0B2-357B28088FDC}.Release|Any CPU.ActiveCfg = Release|Any CPU
		{8E35B3FB-436E-4D72-B0B2-357B28088FDC}.Release|Any CPU.Build.0 = Release|Any CPU
		{639B89F4-04EE-4FBC-9E73-86DBDCD23138}.Debug|Any CPU.ActiveCfg = Debug|Any CPU
		{639B89F4-04EE-4FBC-9E73-86DBDCD23138}.Debug|Any CPU.Build.0 = Debug|Any CPU
		{639B89F4-04EE-4FBC-9E73-86DBDCD23138}.Release|Any CPU.ActiveCfg = Release|Any CPU
		{639B89F4-04EE-4FBC-9E73-86DBDCD23138}.Release|Any CPU.Build.0 = Release|Any CPU
		{AB23B133-6F6A-4134-9F6A-7563E2202FDB}.Debug|Any CPU.ActiveCfg = Debug|Any CPU
		{AB23B133-6F6A-4134-9F6A-7563E2202FDB}.Debug|Any CPU.Build.0 = Debug|Any CPU
		{AB23B133-6F6A-4134-9F6A-7563E2202FDB}.Release|Any CPU.ActiveCfg = Release|Any CPU
		{AB23B133-6F6A-4134-9F6A-7563E2202FDB}.Release|Any CPU.Build.0 = Release|Any CPU
		{B95E9048-51BC-4E18-BED4-A90F7DE80CEB}.Debug|Any CPU.ActiveCfg = Debug|Any CPU
		{B95E9048-51BC-4E18-BED4-A90F7DE80CEB}.Debug|Any CPU.Build.0 = Debug|Any CPU
		{B95E9048-51BC-4E18-BED4-A90F7DE80CEB}.Release|Any CPU.ActiveCfg = Release|Any CPU
		{B95E9048-51BC-4E18-BED4-A90F7DE80CEB}.Release|Any CPU.Build.0 = Release|Any CPU
		{3DC46219-1BA5-41BB-8D81-FC6954588459}.Debug|Any CPU.ActiveCfg = Debug|Any CPU
		{3DC46219-1BA5-41BB-8D81-FC6954588459}.Debug|Any CPU.Build.0 = Debug|Any CPU
		{3DC46219-1BA5-41BB-8D81-FC6954588459}.Release|Any CPU.ActiveCfg = Release|Any CPU
		{3DC46219-1BA5-41BB-8D81-FC6954588459}.Release|Any CPU.Build.0 = Release|Any CPU
		{AC3AD624-1ECD-48E3-AC3E-E7C4EB3DC1E4}.Debug|Any CPU.ActiveCfg = Debug|Any CPU
		{AC3AD624-1ECD-48E3-AC3E-E7C4EB3DC1E4}.Debug|Any CPU.Build.0 = Debug|Any CPU
		{AC3AD624-1ECD-48E3-AC3E-E7C4EB3DC1E4}.Release|Any CPU.ActiveCfg = Release|Any CPU
		{AC3AD624-1ECD-48E3-AC3E-E7C4EB3DC1E4}.Release|Any CPU.Build.0 = Release|Any CPU
		{3CC7E9AD-CFB1-4DC9-97B4-F17C4325FDF7}.Debug|Any CPU.ActiveCfg = Debug|Any CPU
		{3CC7E9AD-CFB1-4DC9-97B4-F17C4325FDF7}.Debug|Any CPU.Build.0 = Debug|Any CPU
		{3CC7E9AD-CFB1-4DC9-97B4-F17C4325FDF7}.Release|Any CPU.ActiveCfg = Release|Any CPU
		{3CC7E9AD-CFB1-4DC9-97B4-F17C4325FDF7}.Release|Any CPU.Build.0 = Release|Any CPU
		{EBD970D0-3772-428B-90DD-EF00589C296B}.Debug|Any CPU.ActiveCfg = Debug|Any CPU
		{EBD970D0-3772-428B-90DD-EF00589C296B}.Debug|Any CPU.Build.0 = Debug|Any CPU
		{EBD970D0-3772-428B-90DD-EF00589C296B}.Release|Any CPU.ActiveCfg = Release|Any CPU
		{EBD970D0-3772-428B-90DD-EF00589C296B}.Release|Any CPU.Build.0 = Release|Any CPU
		{8C19317E-7199-4CC2-BFF0-0FA6310433F3}.Debug|Any CPU.ActiveCfg = Debug|Any CPU
		{8C19317E-7199-4CC2-BFF0-0FA6310433F3}.Debug|Any CPU.Build.0 = Debug|Any CPU
		{8C19317E-7199-4CC2-BFF0-0FA6310433F3}.Release|Any CPU.ActiveCfg = Release|Any CPU
		{8C19317E-7199-4CC2-BFF0-0FA6310433F3}.Release|Any CPU.Build.0 = Release|Any CPU
		{D04824A5-30CA-4931-A21D-16EA4654A0EC}.Debug|Any CPU.ActiveCfg = Debug|Any CPU
		{D04824A5-30CA-4931-A21D-16EA4654A0EC}.Debug|Any CPU.Build.0 = Debug|Any CPU
		{D04824A5-30CA-4931-A21D-16EA4654A0EC}.Release|Any CPU.ActiveCfg = Release|Any CPU
		{D04824A5-30CA-4931-A21D-16EA4654A0EC}.Release|Any CPU.Build.0 = Release|Any CPU
		{065D70E1-DB2E-4F42-8823-12EF558862B2}.Debug|Any CPU.ActiveCfg = Debug|Any CPU
		{065D70E1-DB2E-4F42-8823-12EF558862B2}.Debug|Any CPU.Build.0 = Debug|Any CPU
		{065D70E1-DB2E-4F42-8823-12EF558862B2}.Release|Any CPU.ActiveCfg = Release|Any CPU
		{065D70E1-DB2E-4F42-8823-12EF558862B2}.Release|Any CPU.Build.0 = Release|Any CPU
		{0A4C29CC-6752-4881-BF92-693EB91E7848}.Debug|Any CPU.ActiveCfg = Debug|Any CPU
		{0A4C29CC-6752-4881-BF92-693EB91E7848}.Debug|Any CPU.Build.0 = Debug|Any CPU
		{0A4C29CC-6752-4881-BF92-693EB91E7848}.Release|Any CPU.ActiveCfg = Release|Any CPU
		{0A4C29CC-6752-4881-BF92-693EB91E7848}.Release|Any CPU.Build.0 = Release|Any CPU
		{D0F7135B-4688-4E78-85B4-CC4A196FD407}.Debug|Any CPU.ActiveCfg = Debug|Any CPU
		{D0F7135B-4688-4E78-85B4-CC4A196FD407}.Debug|Any CPU.Build.0 = Debug|Any CPU
		{D0F7135B-4688-4E78-85B4-CC4A196FD407}.Release|Any CPU.ActiveCfg = Release|Any CPU
		{D0F7135B-4688-4E78-85B4-CC4A196FD407}.Release|Any CPU.Build.0 = Release|Any CPU
		{A3335323-5987-4DE3-BCB3-D46A79484066}.Debug|Any CPU.ActiveCfg = Debug|Any CPU
		{A3335323-5987-4DE3-BCB3-D46A79484066}.Debug|Any CPU.Build.0 = Debug|Any CPU
		{A3335323-5987-4DE3-BCB3-D46A79484066}.Release|Any CPU.ActiveCfg = Release|Any CPU
		{A3335323-5987-4DE3-BCB3-D46A79484066}.Release|Any CPU.Build.0 = Release|Any CPU
		{E6207B64-196C-486D-8DCA-45FE16264DE8}.Debug|Any CPU.ActiveCfg = Debug|Any CPU
		{E6207B64-196C-486D-8DCA-45FE16264DE8}.Debug|Any CPU.Build.0 = Debug|Any CPU
		{E6207B64-196C-486D-8DCA-45FE16264DE8}.Release|Any CPU.ActiveCfg = Release|Any CPU
		{E6207B64-196C-486D-8DCA-45FE16264DE8}.Release|Any CPU.Build.0 = Release|Any CPU
		{CE9EDCE6-C454-4160-88DC-7F1EB7C3B8B4}.Debug|Any CPU.ActiveCfg = Debug|Any CPU
		{CE9EDCE6-C454-4160-88DC-7F1EB7C3B8B4}.Debug|Any CPU.Build.0 = Debug|Any CPU
		{CE9EDCE6-C454-4160-88DC-7F1EB7C3B8B4}.Release|Any CPU.ActiveCfg = Release|Any CPU
		{CE9EDCE6-C454-4160-88DC-7F1EB7C3B8B4}.Release|Any CPU.Build.0 = Release|Any CPU
		{62C0AB62-8617-43C7-AC11-D451D0EDC129}.Debug|Any CPU.ActiveCfg = Debug|Any CPU
		{62C0AB62-8617-43C7-AC11-D451D0EDC129}.Debug|Any CPU.Build.0 = Debug|Any CPU
		{62C0AB62-8617-43C7-AC11-D451D0EDC129}.Release|Any CPU.ActiveCfg = Release|Any CPU
		{62C0AB62-8617-43C7-AC11-D451D0EDC129}.Release|Any CPU.Build.0 = Release|Any CPU
		{8EAAD574-3ADC-4559-8F8E-152A598203CA}.Debug|Any CPU.ActiveCfg = Debug|Any CPU
		{8EAAD574-3ADC-4559-8F8E-152A598203CA}.Debug|Any CPU.Build.0 = Debug|Any CPU
		{8EAAD574-3ADC-4559-8F8E-152A598203CA}.Release|Any CPU.ActiveCfg = Release|Any CPU
		{8EAAD574-3ADC-4559-8F8E-152A598203CA}.Release|Any CPU.Build.0 = Release|Any CPU
		{DDB9507F-CDFD-4B4F-A1CC-E16DB4E0074F}.Debug|Any CPU.ActiveCfg = Debug|Any CPU
		{DDB9507F-CDFD-4B4F-A1CC-E16DB4E0074F}.Debug|Any CPU.Build.0 = Debug|Any CPU
		{DDB9507F-CDFD-4B4F-A1CC-E16DB4E0074F}.Release|Any CPU.ActiveCfg = Release|Any CPU
		{DDB9507F-CDFD-4B4F-A1CC-E16DB4E0074F}.Release|Any CPU.Build.0 = Release|Any CPU
		{86C1AFF9-4E9D-4E95-A20A-53984C009E2B}.Debug|Any CPU.ActiveCfg = Debug|Any CPU
		{86C1AFF9-4E9D-4E95-A20A-53984C009E2B}.Debug|Any CPU.Build.0 = Debug|Any CPU
		{86C1AFF9-4E9D-4E95-A20A-53984C009E2B}.Release|Any CPU.ActiveCfg = Release|Any CPU
		{86C1AFF9-4E9D-4E95-A20A-53984C009E2B}.Release|Any CPU.Build.0 = Release|Any CPU
		{2939B6A6-668B-48D8-AF11-802BDA68202C}.Debug|Any CPU.ActiveCfg = Debug|Any CPU
		{2939B6A6-668B-48D8-AF11-802BDA68202C}.Debug|Any CPU.Build.0 = Debug|Any CPU
		{2939B6A6-668B-48D8-AF11-802BDA68202C}.Release|Any CPU.ActiveCfg = Release|Any CPU
		{2939B6A6-668B-48D8-AF11-802BDA68202C}.Release|Any CPU.Build.0 = Release|Any CPU
		{4246BF43-E1CC-4B24-8506-7658910C73F9}.Debug|Any CPU.ActiveCfg = Debug|Any CPU
		{4246BF43-E1CC-4B24-8506-7658910C73F9}.Debug|Any CPU.Build.0 = Debug|Any CPU
		{4246BF43-E1CC-4B24-8506-7658910C73F9}.Release|Any CPU.ActiveCfg = Release|Any CPU
		{4246BF43-E1CC-4B24-8506-7658910C73F9}.Release|Any CPU.Build.0 = Release|Any CPU
		{4CA9A28B-25EC-407C-ADE3-41181609799F}.Debug|Any CPU.ActiveCfg = Debug|Any CPU
		{4CA9A28B-25EC-407C-ADE3-41181609799F}.Debug|Any CPU.Build.0 = Debug|Any CPU
		{4CA9A28B-25EC-407C-ADE3-41181609799F}.Release|Any CPU.ActiveCfg = Release|Any CPU
		{4CA9A28B-25EC-407C-ADE3-41181609799F}.Release|Any CPU.Build.0 = Release|Any CPU
		{0AE1DD90-ABD1-4C47-89C9-EB0A2A1C1044}.Debug|Any CPU.ActiveCfg = Debug|Any CPU
		{0AE1DD90-ABD1-4C47-89C9-EB0A2A1C1044}.Debug|Any CPU.Build.0 = Debug|Any CPU
		{0AE1DD90-ABD1-4C47-89C9-EB0A2A1C1044}.Release|Any CPU.ActiveCfg = Release|Any CPU
		{0AE1DD90-ABD1-4C47-89C9-EB0A2A1C1044}.Release|Any CPU.Build.0 = Release|Any CPU
		{3BF126CF-9361-4E98-994F-6B78578E33F0}.Debug|Any CPU.ActiveCfg = Debug|Any CPU
		{3BF126CF-9361-4E98-994F-6B78578E33F0}.Debug|Any CPU.Build.0 = Debug|Any CPU
		{3BF126CF-9361-4E98-994F-6B78578E33F0}.Release|Any CPU.ActiveCfg = Release|Any CPU
		{3BF126CF-9361-4E98-994F-6B78578E33F0}.Release|Any CPU.Build.0 = Release|Any CPU
		{E52FDD01-1A01-4C98-B042-C692A69C5D67}.Debug|Any CPU.ActiveCfg = Debug|Any CPU
		{E52FDD01-1A01-4C98-B042-C692A69C5D67}.Debug|Any CPU.Build.0 = Debug|Any CPU
		{E52FDD01-1A01-4C98-B042-C692A69C5D67}.Release|Any CPU.ActiveCfg = Release|Any CPU
		{E52FDD01-1A01-4C98-B042-C692A69C5D67}.Release|Any CPU.Build.0 = Release|Any CPU
		{07EA8C8E-1E0F-4322-9EBB-5B1237FFF667}.Debug|Any CPU.ActiveCfg = Debug|Any CPU
		{07EA8C8E-1E0F-4322-9EBB-5B1237FFF667}.Debug|Any CPU.Build.0 = Debug|Any CPU
		{07EA8C8E-1E0F-4322-9EBB-5B1237FFF667}.Release|Any CPU.ActiveCfg = Release|Any CPU
		{07EA8C8E-1E0F-4322-9EBB-5B1237FFF667}.Release|Any CPU.Build.0 = Release|Any CPU
		{7C55BFAA-BE4F-43FD-BD65-9E9373C1234B}.Debug|Any CPU.ActiveCfg = Debug|Any CPU
		{7C55BFAA-BE4F-43FD-BD65-9E9373C1234B}.Debug|Any CPU.Build.0 = Debug|Any CPU
		{7C55BFAA-BE4F-43FD-BD65-9E9373C1234B}.Release|Any CPU.ActiveCfg = Release|Any CPU
		{7C55BFAA-BE4F-43FD-BD65-9E9373C1234B}.Release|Any CPU.Build.0 = Release|Any CPU
		{CAFB11C6-0C47-4FD2-A6AB-AE966934AE02}.Debug|Any CPU.ActiveCfg = Debug|Any CPU
		{CAFB11C6-0C47-4FD2-A6AB-AE966934AE02}.Debug|Any CPU.Build.0 = Debug|Any CPU
		{CAFB11C6-0C47-4FD2-A6AB-AE966934AE02}.Release|Any CPU.ActiveCfg = Release|Any CPU
		{CAFB11C6-0C47-4FD2-A6AB-AE966934AE02}.Release|Any CPU.Build.0 = Release|Any CPU
		{41CB45AC-94C6-4132-AB48-8E06083E72B8}.Debug|Any CPU.ActiveCfg = Debug|Any CPU
		{41CB45AC-94C6-4132-AB48-8E06083E72B8}.Debug|Any CPU.Build.0 = Debug|Any CPU
		{41CB45AC-94C6-4132-AB48-8E06083E72B8}.Release|Any CPU.ActiveCfg = Release|Any CPU
		{41CB45AC-94C6-4132-AB48-8E06083E72B8}.Release|Any CPU.Build.0 = Release|Any CPU
		{51C97058-58AF-433E-847C-37EA26B50D54}.Debug|Any CPU.ActiveCfg = Debug|Any CPU
		{51C97058-58AF-433E-847C-37EA26B50D54}.Debug|Any CPU.Build.0 = Debug|Any CPU
		{51C97058-58AF-433E-847C-37EA26B50D54}.Release|Any CPU.ActiveCfg = Release|Any CPU
		{51C97058-58AF-433E-847C-37EA26B50D54}.Release|Any CPU.Build.0 = Release|Any CPU
	EndGlobalSection
	GlobalSection(SolutionProperties) = preSolution
		HideSolutionNode = FALSE
	EndGlobalSection
	GlobalSection(ExtensibilityGlobals) = postSolution
		SolutionGuid = {E591F57D-9FFF-4538-8711-5F945AAC2F47}
	EndGlobalSection
EndGlobal
