
Microsoft Visual Studio Solution File, Format Version 12.00
# Visual Studio 15
VisualStudioVersion = 15.0.27004.2002
MinimumVisualStudioVersion = 10.0.40219.1
Project("{FAE04EC0-301F-11D3-BF4B-00C04F79EFBC}") = "Задача01", "Задача1\Задача01.csproj", "{DA8C2EA1-11C8-4878-816D-44342C20EC69}"
EndProject
Project("{FAE04EC0-301F-11D3-BF4B-00C04F79EFBC}") = "Задача02", "Задача2\Задача02.csproj", "{AE1006CE-808D-4804-B51F-0AA627279E8B}"
EndProject
Project("{FAE04EC0-301F-11D3-BF4B-00C04F79EFBC}") = "Задача03", "Задача3\Задача03.csproj", "{D46887A3-CF22-4BE3-A821-991413400D87}"
EndProject
Project("{FAE04EC0-301F-11D3-BF4B-00C04F79EFBC}") = "Задача04", "Задача4\Задача04.csproj", "{4E83B9A0-8EB8-4CC7-BB38-220C36690213}"
EndProject
Project("{FAE04EC0-301F-11D3-BF4B-00C04F79EFBC}") = "Задача05", "Задача5\Задача05.csproj", "{40965F97-5B1E-48BA-AAF5-4BA0F69F7807}"
EndProject
Project("{FAE04EC0-301F-11D3-BF4B-00C04F79EFBC}") = "Задача06", "Задача6\Задача06.csproj", "{5E2E9688-FD51-4AF4-B28E-DF5B687BED64}"
EndProject
Project("{FAE04EC0-301F-11D3-BF4B-00C04F79EFBC}") = "Задача07", "Задача7\Задача07.csproj", "{9C31221D-350E-4D57-92D6-5BAD180413D1}"
EndProject
Project("{FAE04EC0-301F-11D3-BF4B-00C04F79EFBC}") = "Задача08", "Задача8\Задача08.csproj", "{E92343D5-029F-4937-BCDC-CFFEDEE5BD43}"
EndProject
Project("{FAE04EC0-301F-11D3-BF4B-00C04F79EFBC}") = "Задача09", "Задача9\Задача09.csproj", "{0AA203CC-1B09-4B6E-A995-C5B7CACD84B4}"
EndProject
Project("{FAE04EC0-301F-11D3-BF4B-00C04F79EFBC}") = "Задача10", "Задача10\Задача10.csproj", "{4A923DDB-CE3A-4966-9427-F2AFEFEA22AB}"
EndProject
Project("{FAE04EC0-301F-11D3-BF4B-00C04F79EFBC}") = "Задача11", "Задача11\Задача11.csproj", "{0D5A8CD5-E4AF-4FF6-99DC-1CEF959DAB02}"
EndProject
Project("{FAE04EC0-301F-11D3-BF4B-00C04F79EFBC}") = "задача12", "задача12\задача12.csproj", "{10AA6451-DCB7-4026-9009-E9A640249C47}"
EndProject
Project("{FAE04EC0-301F-11D3-BF4B-00C04F79EFBC}") = "задача13", "задача\задача13.csproj", "{EB7E305C-5DEE-44C7-8CF8-E7799792F744}"
EndProject
Project("{FAE04EC0-301F-11D3-BF4B-00C04F79EFBC}") = "задача14", "задача14\задача14.csproj", "{96A32807-F0D5-4CB3-BD4F-2573E491A5D1}"
EndProject
Project("{FAE04EC0-301F-11D3-BF4B-00C04F79EFBC}") = "задача15", "задача15\задача15.csproj", "{29C2D64D-70FD-447A-A288-D0E7D51B3690}"
EndProject
Project("{FAE04EC0-301F-11D3-BF4B-00C04F79EFBC}") = "задача16", "задача16\задача16.csproj", "{72565A8E-D461-4C54-BFAB-51B654AC9816}"
EndProject
Project("{FAE04EC0-301F-11D3-BF4B-00C04F79EFBC}") = "задача17", "задача17\задача17.csproj", "{AB8FA194-9D52-42BA-9A5A-7B300CE0D854}"
EndProject
Project("{FAE04EC0-301F-11D3-BF4B-00C04F79EFBC}") = "задача18", "задача18\задача18.csproj", "{C19553FA-6596-45DA-BE7F-E4E893F243F0}"
EndProject
Project("{FAE04EC0-301F-11D3-BF4B-00C04F79EFBC}") = "задача19", "задача19\задача19.csproj", "{FC85833C-1823-44F5-9105-56EC53ECAC19}"
EndProject
Project("{FAE04EC0-301F-11D3-BF4B-00C04F79EFBC}") = "задача20", "задача20\задача20.csproj", "{91832E83-7096-45CA-B821-7D1DDC7C8D99}"
EndProject
Project("{FAE04EC0-301F-11D3-BF4B-00C04F79EFBC}") = "Задача21", "Задача21\Задача21.csproj", "{A6F021B8-DF1D-41A9-BEB9-A4E67380594E}"
EndProject
Project("{FAE04EC0-301F-11D3-BF4B-00C04F79EFBC}") = "задача22", "задача22\задача22.csproj", "{63EED089-E1A0-44FF-ADA1-5779DCF19594}"
EndProject
Project("{FAE04EC0-301F-11D3-BF4B-00C04F79EFBC}") = "Задача23", "Задача23\Задача23.csproj", "{7605A634-95ED-4A23-917C-239E4AB176F8}"
EndProject
Project("{FAE04EC0-301F-11D3-BF4B-00C04F79EFBC}") = "Задача24", "Задача24\Задача24.csproj", "{6881C8EB-5CD8-43C3-9B30-EC0A550F9D24}"
EndProject
Project("{FAE04EC0-301F-11D3-BF4B-00C04F79EFBC}") = "задача25", "задача25\задача25.csproj", "{FCB37191-0149-4069-81B3-9FA1104953D3}"
EndProject
Project("{FAE04EC0-301F-11D3-BF4B-00C04F79EFBC}") = "задача26", "задача26\задача26.csproj", "{75BF70CF-25F3-4C87-AE6D-7D3DFBD9D4B6}"
EndProject
Project("{FAE04EC0-301F-11D3-BF4B-00C04F79EFBC}") = "задача27", "задача27\задача27.csproj", "{61B2275B-AB57-4A30-A76F-0884E82A8B81}"
EndProject
Project("{FAE04EC0-301F-11D3-BF4B-00C04F79EFBC}") = "задача28", "задача28\задача28.csproj", "{0D8493FC-19BA-4133-BF29-B7A2C68EA6F6}"
EndProject
Project("{FAE04EC0-301F-11D3-BF4B-00C04F79EFBC}") = "задача29", "задача29\задача29.csproj", "{B4E88B8F-0F6F-45E9-8552-79ABB3590D60}"
EndProject
Project("{FAE04EC0-301F-11D3-BF4B-00C04F79EFBC}") = "задача30", "задача30\задача30.csproj", "{F69A038A-E7C1-46E1-9646-FC4D89570387}"
EndProject
Project("{FAE04EC0-301F-11D3-BF4B-00C04F79EFBC}") = "задача31", "задача31\задача31.csproj", "{5D11B2DA-924A-4D40-8572-592E96CA38E4}"
EndProject
Project("{FAE04EC0-301F-11D3-BF4B-00C04F79EFBC}") = "задача32", "задача32\задача32.csproj", "{5980D105-1552-4A0E-96CF-363905A50BB5}"
EndProject
Project("{FAE04EC0-301F-11D3-BF4B-00C04F79EFBC}") = "задача33", "задача33\задача33.csproj", "{7F3A469D-4C8E-41FE-A892-EC6903F9728A}"
EndProject
Project("{FAE04EC0-301F-11D3-BF4B-00C04F79EFBC}") = "задача34", "задача34\задача34.csproj", "{D6B777F8-31F1-4A7B-B76E-D059BCF47916}"
EndProject
Global
	GlobalSection(SolutionConfigurationPlatforms) = preSolution
		Debug|Any CPU = Debug|Any CPU
		Release|Any CPU = Release|Any CPU
	EndGlobalSection
	GlobalSection(ProjectConfigurationPlatforms) = postSolution
		{DA8C2EA1-11C8-4878-816D-44342C20EC69}.Debug|Any CPU.ActiveCfg = Debug|Any CPU
		{DA8C2EA1-11C8-4878-816D-44342C20EC69}.Debug|Any CPU.Build.0 = Debug|Any CPU
		{DA8C2EA1-11C8-4878-816D-44342C20EC69}.Release|Any CPU.ActiveCfg = Release|Any CPU
		{DA8C2EA1-11C8-4878-816D-44342C20EC69}.Release|Any CPU.Build.0 = Release|Any CPU
		{AE1006CE-808D-4804-B51F-0AA627279E8B}.Debug|Any CPU.ActiveCfg = Debug|Any CPU
		{AE1006CE-808D-4804-B51F-0AA627279E8B}.Debug|Any CPU.Build.0 = Debug|Any CPU
		{AE1006CE-808D-4804-B51F-0AA627279E8B}.Release|Any CPU.ActiveCfg = Release|Any CPU
		{AE1006CE-808D-4804-B51F-0AA627279E8B}.Release|Any CPU.Build.0 = Release|Any CPU
		{D46887A3-CF22-4BE3-A821-991413400D87}.Debug|Any CPU.ActiveCfg = Debug|Any CPU
		{D46887A3-CF22-4BE3-A821-991413400D87}.Debug|Any CPU.Build.0 = Debug|Any CPU
		{D46887A3-CF22-4BE3-A821-991413400D87}.Release|Any CPU.ActiveCfg = Release|Any CPU
		{D46887A3-CF22-4BE3-A821-991413400D87}.Release|Any CPU.Build.0 = Release|Any CPU
		{4E83B9A0-8EB8-4CC7-BB38-220C36690213}.Debug|Any CPU.ActiveCfg = Debug|Any CPU
		{4E83B9A0-8EB8-4CC7-BB38-220C36690213}.Debug|Any CPU.Build.0 = Debug|Any CPU
		{4E83B9A0-8EB8-4CC7-BB38-220C36690213}.Release|Any CPU.ActiveCfg = Release|Any CPU
		{4E83B9A0-8EB8-4CC7-BB38-220C36690213}.Release|Any CPU.Build.0 = Release|Any CPU
		{40965F97-5B1E-48BA-AAF5-4BA0F69F7807}.Debug|Any CPU.ActiveCfg = Debug|Any CPU
		{40965F97-5B1E-48BA-AAF5-4BA0F69F7807}.Debug|Any CPU.Build.0 = Debug|Any CPU
		{40965F97-5B1E-48BA-AAF5-4BA0F69F7807}.Release|Any CPU.ActiveCfg = Release|Any CPU
		{40965F97-5B1E-48BA-AAF5-4BA0F69F7807}.Release|Any CPU.Build.0 = Release|Any CPU
		{5E2E9688-FD51-4AF4-B28E-DF5B687BED64}.Debug|Any CPU.ActiveCfg = Debug|Any CPU
		{5E2E9688-FD51-4AF4-B28E-DF5B687BED64}.Debug|Any CPU.Build.0 = Debug|Any CPU
		{5E2E9688-FD51-4AF4-B28E-DF5B687BED64}.Release|Any CPU.ActiveCfg = Release|Any CPU
		{5E2E9688-FD51-4AF4-B28E-DF5B687BED64}.Release|Any CPU.Build.0 = Release|Any CPU
		{9C31221D-350E-4D57-92D6-5BAD180413D1}.Debug|Any CPU.ActiveCfg = Debug|Any CPU
		{9C31221D-350E-4D57-92D6-5BAD180413D1}.Debug|Any CPU.Build.0 = Debug|Any CPU
		{9C31221D-350E-4D57-92D6-5BAD180413D1}.Release|Any CPU.ActiveCfg = Release|Any CPU
		{9C31221D-350E-4D57-92D6-5BAD180413D1}.Release|Any CPU.Build.0 = Release|Any CPU
		{E92343D5-029F-4937-BCDC-CFFEDEE5BD43}.Debug|Any CPU.ActiveCfg = Debug|Any CPU
		{E92343D5-029F-4937-BCDC-CFFEDEE5BD43}.Debug|Any CPU.Build.0 = Debug|Any CPU
		{E92343D5-029F-4937-BCDC-CFFEDEE5BD43}.Release|Any CPU.ActiveCfg = Release|Any CPU
		{E92343D5-029F-4937-BCDC-CFFEDEE5BD43}.Release|Any CPU.Build.0 = Release|Any CPU
		{0AA203CC-1B09-4B6E-A995-C5B7CACD84B4}.Debug|Any CPU.ActiveCfg = Debug|Any CPU
		{0AA203CC-1B09-4B6E-A995-C5B7CACD84B4}.Debug|Any CPU.Build.0 = Debug|Any CPU
		{0AA203CC-1B09-4B6E-A995-C5B7CACD84B4}.Release|Any CPU.ActiveCfg = Release|Any CPU
		{0AA203CC-1B09-4B6E-A995-C5B7CACD84B4}.Release|Any CPU.Build.0 = Release|Any CPU
		{4A923DDB-CE3A-4966-9427-F2AFEFEA22AB}.Debug|Any CPU.ActiveCfg = Debug|Any CPU
		{4A923DDB-CE3A-4966-9427-F2AFEFEA22AB}.Debug|Any CPU.Build.0 = Debug|Any CPU
		{4A923DDB-CE3A-4966-9427-F2AFEFEA22AB}.Release|Any CPU.ActiveCfg = Release|Any CPU
		{4A923DDB-CE3A-4966-9427-F2AFEFEA22AB}.Release|Any CPU.Build.0 = Release|Any CPU
		{0D5A8CD5-E4AF-4FF6-99DC-1CEF959DAB02}.Debug|Any CPU.ActiveCfg = Debug|Any CPU
		{0D5A8CD5-E4AF-4FF6-99DC-1CEF959DAB02}.Debug|Any CPU.Build.0 = Debug|Any CPU
		{0D5A8CD5-E4AF-4FF6-99DC-1CEF959DAB02}.Release|Any CPU.ActiveCfg = Release|Any CPU
		{0D5A8CD5-E4AF-4FF6-99DC-1CEF959DAB02}.Release|Any CPU.Build.0 = Release|Any CPU
		{10AA6451-DCB7-4026-9009-E9A640249C47}.Debug|Any CPU.ActiveCfg = Debug|Any CPU
		{10AA6451-DCB7-4026-9009-E9A640249C47}.Debug|Any CPU.Build.0 = Debug|Any CPU
		{10AA6451-DCB7-4026-9009-E9A640249C47}.Release|Any CPU.ActiveCfg = Release|Any CPU
		{10AA6451-DCB7-4026-9009-E9A640249C47}.Release|Any CPU.Build.0 = Release|Any CPU
		{EB7E305C-5DEE-44C7-8CF8-E7799792F744}.Debug|Any CPU.ActiveCfg = Debug|Any CPU
		{EB7E305C-5DEE-44C7-8CF8-E7799792F744}.Debug|Any CPU.Build.0 = Debug|Any CPU
		{EB7E305C-5DEE-44C7-8CF8-E7799792F744}.Release|Any CPU.ActiveCfg = Release|Any CPU
		{EB7E305C-5DEE-44C7-8CF8-E7799792F744}.Release|Any CPU.Build.0 = Release|Any CPU
		{96A32807-F0D5-4CB3-BD4F-2573E491A5D1}.Debug|Any CPU.ActiveCfg = Debug|Any CPU
		{96A32807-F0D5-4CB3-BD4F-2573E491A5D1}.Debug|Any CPU.Build.0 = Debug|Any CPU
		{96A32807-F0D5-4CB3-BD4F-2573E491A5D1}.Release|Any CPU.ActiveCfg = Release|Any CPU
		{96A32807-F0D5-4CB3-BD4F-2573E491A5D1}.Release|Any CPU.Build.0 = Release|Any CPU
		{29C2D64D-70FD-447A-A288-D0E7D51B3690}.Debug|Any CPU.ActiveCfg = Debug|Any CPU
		{29C2D64D-70FD-447A-A288-D0E7D51B3690}.Debug|Any CPU.Build.0 = Debug|Any CPU
		{29C2D64D-70FD-447A-A288-D0E7D51B3690}.Release|Any CPU.ActiveCfg = Release|Any CPU
		{29C2D64D-70FD-447A-A288-D0E7D51B3690}.Release|Any CPU.Build.0 = Release|Any CPU
		{72565A8E-D461-4C54-BFAB-51B654AC9816}.Debug|Any CPU.ActiveCfg = Debug|Any CPU
		{72565A8E-D461-4C54-BFAB-51B654AC9816}.Debug|Any CPU.Build.0 = Debug|Any CPU
		{72565A8E-D461-4C54-BFAB-51B654AC9816}.Release|Any CPU.ActiveCfg = Release|Any CPU
		{72565A8E-D461-4C54-BFAB-51B654AC9816}.Release|Any CPU.Build.0 = Release|Any CPU
		{AB8FA194-9D52-42BA-9A5A-7B300CE0D854}.Debug|Any CPU.ActiveCfg = Debug|Any CPU
		{AB8FA194-9D52-42BA-9A5A-7B300CE0D854}.Debug|Any CPU.Build.0 = Debug|Any CPU
		{AB8FA194-9D52-42BA-9A5A-7B300CE0D854}.Release|Any CPU.ActiveCfg = Release|Any CPU
		{AB8FA194-9D52-42BA-9A5A-7B300CE0D854}.Release|Any CPU.Build.0 = Release|Any CPU
		{C19553FA-6596-45DA-BE7F-E4E893F243F0}.Debug|Any CPU.ActiveCfg = Debug|Any CPU
		{C19553FA-6596-45DA-BE7F-E4E893F243F0}.Debug|Any CPU.Build.0 = Debug|Any CPU
		{C19553FA-6596-45DA-BE7F-E4E893F243F0}.Release|Any CPU.ActiveCfg = Release|Any CPU
		{C19553FA-6596-45DA-BE7F-E4E893F243F0}.Release|Any CPU.Build.0 = Release|Any CPU
		{FC85833C-1823-44F5-9105-56EC53ECAC19}.Debug|Any CPU.ActiveCfg = Debug|Any CPU
		{FC85833C-1823-44F5-9105-56EC53ECAC19}.Debug|Any CPU.Build.0 = Debug|Any CPU
		{FC85833C-1823-44F5-9105-56EC53ECAC19}.Release|Any CPU.ActiveCfg = Release|Any CPU
		{FC85833C-1823-44F5-9105-56EC53ECAC19}.Release|Any CPU.Build.0 = Release|Any CPU
		{91832E83-7096-45CA-B821-7D1DDC7C8D99}.Debug|Any CPU.ActiveCfg = Debug|Any CPU
		{91832E83-7096-45CA-B821-7D1DDC7C8D99}.Debug|Any CPU.Build.0 = Debug|Any CPU
		{91832E83-7096-45CA-B821-7D1DDC7C8D99}.Release|Any CPU.ActiveCfg = Release|Any CPU
		{91832E83-7096-45CA-B821-7D1DDC7C8D99}.Release|Any CPU.Build.0 = Release|Any CPU
		{A6F021B8-DF1D-41A9-BEB9-A4E67380594E}.Debug|Any CPU.ActiveCfg = Debug|Any CPU
		{A6F021B8-DF1D-41A9-BEB9-A4E67380594E}.Debug|Any CPU.Build.0 = Debug|Any CPU
		{A6F021B8-DF1D-41A9-BEB9-A4E67380594E}.Release|Any CPU.ActiveCfg = Release|Any CPU
		{A6F021B8-DF1D-41A9-BEB9-A4E67380594E}.Release|Any CPU.Build.0 = Release|Any CPU
		{63EED089-E1A0-44FF-ADA1-5779DCF19594}.Debug|Any CPU.ActiveCfg = Debug|Any CPU
		{63EED089-E1A0-44FF-ADA1-5779DCF19594}.Debug|Any CPU.Build.0 = Debug|Any CPU
		{63EED089-E1A0-44FF-ADA1-5779DCF19594}.Release|Any CPU.ActiveCfg = Release|Any CPU
		{63EED089-E1A0-44FF-ADA1-5779DCF19594}.Release|Any CPU.Build.0 = Release|Any CPU
		{7605A634-95ED-4A23-917C-239E4AB176F8}.Debug|Any CPU.ActiveCfg = Debug|Any CPU
		{7605A634-95ED-4A23-917C-239E4AB176F8}.Debug|Any CPU.Build.0 = Debug|Any CPU
		{7605A634-95ED-4A23-917C-239E4AB176F8}.Release|Any CPU.ActiveCfg = Release|Any CPU
		{7605A634-95ED-4A23-917C-239E4AB176F8}.Release|Any CPU.Build.0 = Release|Any CPU
		{6881C8EB-5CD8-43C3-9B30-EC0A550F9D24}.Debug|Any CPU.ActiveCfg = Debug|Any CPU
		{6881C8EB-5CD8-43C3-9B30-EC0A550F9D24}.Debug|Any CPU.Build.0 = Debug|Any CPU
		{6881C8EB-5CD8-43C3-9B30-EC0A550F9D24}.Release|Any CPU.ActiveCfg = Release|Any CPU
		{6881C8EB-5CD8-43C3-9B30-EC0A550F9D24}.Release|Any CPU.Build.0 = Release|Any CPU
		{FCB37191-0149-4069-81B3-9FA1104953D3}.Debug|Any CPU.ActiveCfg = Debug|Any CPU
		{FCB37191-0149-4069-81B3-9FA1104953D3}.Debug|Any CPU.Build.0 = Debug|Any CPU
		{FCB37191-0149-4069-81B3-9FA1104953D3}.Release|Any CPU.ActiveCfg = Release|Any CPU
		{FCB37191-0149-4069-81B3-9FA1104953D3}.Release|Any CPU.Build.0 = Release|Any CPU
		{75BF70CF-25F3-4C87-AE6D-7D3DFBD9D4B6}.Debug|Any CPU.ActiveCfg = Debug|Any CPU
		{75BF70CF-25F3-4C87-AE6D-7D3DFBD9D4B6}.Debug|Any CPU.Build.0 = Debug|Any CPU
		{75BF70CF-25F3-4C87-AE6D-7D3DFBD9D4B6}.Release|Any CPU.ActiveCfg = Release|Any CPU
		{75BF70CF-25F3-4C87-AE6D-7D3DFBD9D4B6}.Release|Any CPU.Build.0 = Release|Any CPU
		{61B2275B-AB57-4A30-A76F-0884E82A8B81}.Debug|Any CPU.ActiveCfg = Debug|Any CPU
		{61B2275B-AB57-4A30-A76F-0884E82A8B81}.Debug|Any CPU.Build.0 = Debug|Any CPU
		{61B2275B-AB57-4A30-A76F-0884E82A8B81}.Release|Any CPU.ActiveCfg = Release|Any CPU
		{61B2275B-AB57-4A30-A76F-0884E82A8B81}.Release|Any CPU.Build.0 = Release|Any CPU
		{0D8493FC-19BA-4133-BF29-B7A2C68EA6F6}.Debug|Any CPU.ActiveCfg = Debug|Any CPU
		{0D8493FC-19BA-4133-BF29-B7A2C68EA6F6}.Debug|Any CPU.Build.0 = Debug|Any CPU
		{0D8493FC-19BA-4133-BF29-B7A2C68EA6F6}.Release|Any CPU.ActiveCfg = Release|Any CPU
		{0D8493FC-19BA-4133-BF29-B7A2C68EA6F6}.Release|Any CPU.Build.0 = Release|Any CPU
		{B4E88B8F-0F6F-45E9-8552-79ABB3590D60}.Debug|Any CPU.ActiveCfg = Debug|Any CPU
		{B4E88B8F-0F6F-45E9-8552-79ABB3590D60}.Debug|Any CPU.Build.0 = Debug|Any CPU
		{B4E88B8F-0F6F-45E9-8552-79ABB3590D60}.Release|Any CPU.ActiveCfg = Release|Any CPU
		{B4E88B8F-0F6F-45E9-8552-79ABB3590D60}.Release|Any CPU.Build.0 = Release|Any CPU
		{F69A038A-E7C1-46E1-9646-FC4D89570387}.Debug|Any CPU.ActiveCfg = Debug|Any CPU
		{F69A038A-E7C1-46E1-9646-FC4D89570387}.Debug|Any CPU.Build.0 = Debug|Any CPU
		{F69A038A-E7C1-46E1-9646-FC4D89570387}.Release|Any CPU.ActiveCfg = Release|Any CPU
		{F69A038A-E7C1-46E1-9646-FC4D89570387}.Release|Any CPU.Build.0 = Release|Any CPU
		{5D11B2DA-924A-4D40-8572-592E96CA38E4}.Debug|Any CPU.ActiveCfg = Debug|Any CPU
		{5D11B2DA-924A-4D40-8572-592E96CA38E4}.Debug|Any CPU.Build.0 = Debug|Any CPU
		{5D11B2DA-924A-4D40-8572-592E96CA38E4}.Release|Any CPU.ActiveCfg = Release|Any CPU
		{5D11B2DA-924A-4D40-8572-592E96CA38E4}.Release|Any CPU.Build.0 = Release|Any CPU
		{5980D105-1552-4A0E-96CF-363905A50BB5}.Debug|Any CPU.ActiveCfg = Debug|Any CPU
		{5980D105-1552-4A0E-96CF-363905A50BB5}.Debug|Any CPU.Build.0 = Debug|Any CPU
		{5980D105-1552-4A0E-96CF-363905A50BB5}.Release|Any CPU.ActiveCfg = Release|Any CPU
		{5980D105-1552-4A0E-96CF-363905A50BB5}.Release|Any CPU.Build.0 = Release|Any CPU
		{7F3A469D-4C8E-41FE-A892-EC6903F9728A}.Debug|Any CPU.ActiveCfg = Debug|Any CPU
		{7F3A469D-4C8E-41FE-A892-EC6903F9728A}.Debug|Any CPU.Build.0 = Debug|Any CPU
		{7F3A469D-4C8E-41FE-A892-EC6903F9728A}.Release|Any CPU.ActiveCfg = Release|Any CPU
		{7F3A469D-4C8E-41FE-A892-EC6903F9728A}.Release|Any CPU.Build.0 = Release|Any CPU
		{D6B777F8-31F1-4A7B-B76E-D059BCF47916}.Debug|Any CPU.ActiveCfg = Debug|Any CPU
		{D6B777F8-31F1-4A7B-B76E-D059BCF47916}.Debug|Any CPU.Build.0 = Debug|Any CPU
		{D6B777F8-31F1-4A7B-B76E-D059BCF47916}.Release|Any CPU.ActiveCfg = Release|Any CPU
		{D6B777F8-31F1-4A7B-B76E-D059BCF47916}.Release|Any CPU.Build.0 = Release|Any CPU
	EndGlobalSection
	GlobalSection(SolutionProperties) = preSolution
		HideSolutionNode = FALSE
	EndGlobalSection
	GlobalSection(ExtensibilityGlobals) = postSolution
		SolutionGuid = {96DAD6DA-C0C0-4101-9B97-697899E7E574}
	EndGlobalSection
EndGlobal
